// !$*UTF8*$!
{
	archiveVersion = 1;
	classes = {
	};
	objectVersion = 56;
	objects = {

/* Begin PBXBuildFile section */
		B1000001 /* LifeDashboardCompanionApp.swift in Sources */ = {isa = PBXBuildFile; fileRef = F1000001 /* LifeDashboardCompanionApp.swift */; };
		B1000002 /* ContentView.swift in Sources */ = {isa = PBXBuildFile; fileRef = F1000002 /* ContentView.swift */; };
		B1000003 /* Assets.xcassets in Resources */ = {isa = PBXBuildFile; fileRef = F1000003 /* Assets.xcassets */; };
		B1000004 /* HealthDataType.swift in Sources */ = {isa = PBXBuildFile; fileRef = F1000004 /* HealthDataType.swift */; };
		B1000005 /* WebhookLog.swift in Sources */ = {isa = PBXBuildFile; fileRef = F1000005 /* WebhookLog.swift */; };
		B1000006 /* SyncResult.swift in Sources */ = {isa = PBXBuildFile; fileRef = F1000006 /* SyncResult.swift */; };
		B1000008 /* PreferencesManager.swift in Sources */ = {isa = PBXBuildFile; fileRef = F1000008 /* PreferencesManager.swift */; };
		B1000009 /* WebhookManager.swift in Sources */ = {isa = PBXBuildFile; fileRef = F1000009 /* WebhookManager.swift */; };
		B100000A /* HealthKitManager.swift in Sources */ = {isa = PBXBuildFile; fileRef = F100000A /* HealthKitManager.swift */; };
		B100000B /* HealthSyncManager.swift in Sources */ = {isa = PBXBuildFile; fileRef = F100000B /* HealthSyncManager.swift */; };
		B100000E /* BackgroundSyncManager.swift in Sources */ = {isa = PBXBuildFile; fileRef = F100000E /* BackgroundSyncManager.swift */; };
		B1000015 /* PendingSyncStore.swift in Sources */ = {isa = PBXBuildFile; fileRef = F1000015 /* PendingSyncStore.swift */; };
		B1000016 /* NetworkMonitor.swift in Sources */ = {isa = PBXBuildFile; fileRef = F1000016 /* NetworkMonitor.swift */; };
		B100000F /* ExportManager.swift in Sources */ = {isa = PBXBuildFile; fileRef = F100000F /* ExportManager.swift */; };
		B1000010 /* HealthKitScreen.swift in Sources */ = {isa = PBXBuildFile; fileRef = F1000010 /* HealthKitScreen.swift */; };
		B1000012 /* LogsScreen.swift in Sources */ = {isa = PBXBuildFile; fileRef = F1000012 /* LogsScreen.swift */; };
		B1000017 /* WebhookSigner.swift in Sources */ = {isa = PBXBuildFile; fileRef = F1000017 /* WebhookSigner.swift */; };
		B1000018 /* WebhookRetryPolicy.swift in Sources */ = {isa = PBXBuildFile; fileRef = F1000018 /* WebhookRetryPolicy.swift */; };
		B1000019 /* SleepSessionBuilder.swift in Sources */ = {isa = PBXBuildFile; fileRef = F1000019 /* SleepSessionBuilder.swift */; };
		B100001A /* WebhookSignerTests.swift in Sources */ = {isa = PBXBuildFile; fileRef = F100001A /* WebhookSignerTests.swift */; };
		B100001B /* WebhookRetryPolicyTests.swift in Sources */ = {isa = PBXBuildFile; fileRef = F100001B /* WebhookRetryPolicyTests.swift */; };
		B100001C /* SleepSessionBuilderTests.swift in Sources */ = {isa = PBXBuildFile; fileRef = F100001C /* SleepSessionBuilderTests.swift */; };
/* End PBXBuildFile section */

/* Begin PBXContainerItemProxy section */
		CP000001 /* PBXContainerItemProxy */ = {
			isa = PBXContainerItemProxy;
			containerPortal = C1000002 /* Project object */;
			proxyType = 1;
			remoteGlobalIDString = C1000001;
			remoteInfo = LifeDashboardCompanion;
		};
/* End PBXContainerItemProxy section */

/* Begin PBXFileReference section */
		F1000001 /* LifeDashboardCompanionApp.swift */ = {isa = PBXFileReference; lastKnownFileType = sourcecode.swift; path = LifeDashboardCompanionApp.swift; sourceTree = "<group>"; };
		F1000002 /* ContentView.swift */ = {isa = PBXFileReference; lastKnownFileType = sourcecode.swift; path = ContentView.swift; sourceTree = "<group>"; };
		F1000003 /* Assets.xcassets */ = {isa = PBXFileReference; lastKnownFileType = folder.assetcatalog; path = Assets.xcassets; sourceTree = "<group>"; };
		F1000004 /* HealthDataType.swift */ = {isa = PBXFileReference; lastKnownFileType = sourcecode.swift; path = HealthDataType.swift; sourceTree = "<group>"; };
		F1000005 /* WebhookLog.swift */ = {isa = PBXFileReference; lastKnownFileType = sourcecode.swift; path = WebhookLog.swift; sourceTree = "<group>"; };
		F1000006 /* SyncResult.swift */ = {isa = PBXFileReference; lastKnownFileType = sourcecode.swift; path = SyncResult.swift; sourceTree = "<group>"; };
		F1000008 /* PreferencesManager.swift */ = {isa = PBXFileReference; lastKnownFileType = sourcecode.swift; path = PreferencesManager.swift; sourceTree = "<group>"; };
		F1000009 /* WebhookManager.swift */ = {isa = PBXFileReference; lastKnownFileType = sourcecode.swift; path = WebhookManager.swift; sourceTree = "<group>"; };
		F100000A /* HealthKitManager.swift */ = {isa = PBXFileReference; lastKnownFileType = sourcecode.swift; path = HealthKitManager.swift; sourceTree = "<group>"; };
		F100000B /* HealthSyncManager.swift */ = {isa = PBXFileReference; lastKnownFileType = sourcecode.swift; path = HealthSyncManager.swift; sourceTree = "<group>"; };
		F100000E /* BackgroundSyncManager.swift */ = {isa = PBXFileReference; lastKnownFileType = sourcecode.swift; path = BackgroundSyncManager.swift; sourceTree = "<group>"; };
		F1000015 /* PendingSyncStore.swift */ = {isa = PBXFileReference; lastKnownFileType = sourcecode.swift; path = PendingSyncStore.swift; sourceTree = "<group>"; };
		F1000016 /* NetworkMonitor.swift */ = {isa = PBXFileReference; lastKnownFileType = sourcecode.swift; path = NetworkMonitor.swift; sourceTree = "<group>"; };
		F100000F /* ExportManager.swift */ = {isa = PBXFileReference; lastKnownFileType = sourcecode.swift; path = ExportManager.swift; sourceTree = "<group>"; };
		F1000010 /* HealthKitScreen.swift */ = {isa = PBXFileReference; lastKnownFileType = sourcecode.swift; path = HealthKitScreen.swift; sourceTree = "<group>"; };
		F1000012 /* LogsScreen.swift */ = {isa = PBXFileReference; lastKnownFileType = sourcecode.swift; path = LogsScreen.swift; sourceTree = "<group>"; };
		F1000013 /* Info.plist */ = {isa = PBXFileReference; lastKnownFileType = text.plist.xml; path = Info.plist; sourceTree = "<group>"; };
		F1000014 /* LifeDashboardCompanion.entitlements */ = {isa = PBXFileReference; lastKnownFileType = text.plist.entitlements; path = LifeDashboardCompanion.entitlements; sourceTree = "<group>"; };
		F1000017 /* WebhookSigner.swift */ = {isa = PBXFileReference; lastKnownFileType = sourcecode.swift; path = WebhookSigner.swift; sourceTree = "<group>"; };
		F1000018 /* WebhookRetryPolicy.swift */ = {isa = PBXFileReference; lastKnownFileType = sourcecode.swift; path = WebhookRetryPolicy.swift; sourceTree = "<group>"; };
		F1000019 /* SleepSessionBuilder.swift */ = {isa = PBXFileReference; lastKnownFileType = sourcecode.swift; path = SleepSessionBuilder.swift; sourceTree = "<group>"; };
		F100001A /* WebhookSignerTests.swift */ = {isa = PBXFileReference; lastKnownFileType = sourcecode.swift; path = WebhookSignerTests.swift; sourceTree = "<group>"; };
		F100001B /* WebhookRetryPolicyTests.swift */ = {isa = PBXFileReference; lastKnownFileType = sourcecode.swift; path = WebhookRetryPolicyTests.swift; sourceTree = "<group>"; };
		F100001C /* SleepSessionBuilderTests.swift */ = {isa = PBXFileReference; lastKnownFileType = sourcecode.swift; path = SleepSessionBuilderTests.swift; sourceTree = "<group>"; };
		F1000020 /* LifeDashboardCompanion.app */ = {isa = PBXFileReference; explicitFileType = wrapper.application; includeInIndex = 0; path = LifeDashboardCompanion.app; sourceTree = BUILT_PRODUCTS_DIR; };
		F1000021 /* LifeDashboardCompanionTests.xctest */ = {isa = PBXFileReference; explicitFileType = wrapper.cfbundle; includeInIndex = 0; path = LifeDashboardCompanionTests.xctest; sourceTree = BUILT_PRODUCTS_DIR; };
/* End PBXFileReference section */

/* Begin PBXFrameworksBuildPhase section */
		E1000001 /* Frameworks */ = {
			isa = PBXFrameworksBuildPhase;
			buildActionMask = 2147483647;
			files = (
			);
			runOnlyForDeploymentPostprocessing = 0;
		};
		E1000005 /* Frameworks */ = {
			isa = PBXFrameworksBuildPhase;
			buildActionMask = 2147483647;
			files = (
			);
			runOnlyForDeploymentPostprocessing = 0;
		};
/* End PBXFrameworksBuildPhase section */

/* Begin PBXGroup section */
		D1000001 = {
			isa = PBXGroup;
			children = (
				D1000002 /* LifeDashboardCompanion */,
				D1000007 /* LifeDashboardCompanionTests */,
				D1000003 /* Products */,
			);
			sourceTree = "<group>";
		};
		D1000002 /* LifeDashboardCompanion */ = {
			isa = PBXGroup;
			children = (
				F1000001 /* LifeDashboardCompanionApp.swift */,
				F1000002 /* ContentView.swift */,
				D1000004 /* Models */,
				D1000005 /* Managers */,
				D1000006 /* Screens */,
				F1000003 /* Assets.xcassets */,
				F1000013 /* Info.plist */,
				F1000014 /* LifeDashboardCompanion.entitlements */,
			);
			path = LifeDashboardCompanion;
			sourceTree = "<group>";
		};
		D1000003 /* Products */ = {
			isa = PBXGroup;
			children = (
				F1000020 /* LifeDashboardCompanion.app */,
				F1000021 /* LifeDashboardCompanionTests.xctest */,
			);
			name = Products;
			sourceTree = "<group>";
		};
		D1000004 /* Models */ = {
			isa = PBXGroup;
			children = (
				F1000004 /* HealthDataType.swift */,
				F1000005 /* WebhookLog.swift */,
				F1000006 /* SyncResult.swift */,
			);
			path = Models;
			sourceTree = "<group>";
		};
		D1000005 /* Managers */ = {
			isa = PBXGroup;
			children = (
				F1000008 /* PreferencesManager.swift */,
				F1000009 /* WebhookManager.swift */,
				F100000A /* HealthKitManager.swift */,
				F100000B /* HealthSyncManager.swift */,
				F100000E /* BackgroundSyncManager.swift */,
				F100000F /* ExportManager.swift */,
				F1000015 /* PendingSyncStore.swift */,
				F1000016 /* NetworkMonitor.swift */,
				F1000017 /* WebhookSigner.swift */,
				F1000018 /* WebhookRetryPolicy.swift */,
				F1000019 /* SleepSessionBuilder.swift */,
			);
			path = Managers;
			sourceTree = "<group>";
		};
		D1000006 /* Screens */ = {
			isa = PBXGroup;
			children = (
				F1000010 /* HealthKitScreen.swift */,
				F1000012 /* LogsScreen.swift */,
			);
			path = Screens;
			sourceTree = "<group>";
		};
		D1000007 /* LifeDashboardCompanionTests */ = {
			isa = PBXGroup;
			children = (
				F100001A /* WebhookSignerTests.swift */,
				F100001B /* WebhookRetryPolicyTests.swift */,
				F100001C /* SleepSessionBuilderTests.swift */,
			);
			path = LifeDashboardCompanionTests;
			sourceTree = "<group>";
		};
/* End PBXGroup section */

/* Begin PBXNativeTarget section */
		C1000001 /* LifeDashboardCompanion */ = {
			isa = PBXNativeTarget;
			buildConfigurationList = A1000002 /* Build configuration list for PBXNativeTarget "LifeDashboardCompanion" */;
			buildPhases = (
				E1000002 /* Sources */,
				E1000001 /* Frameworks */,
				E1000003 /* Resources */,
			);
			buildRules = (
			);
			dependencies = (
			);
			name = LifeDashboardCompanion;
			productName = LifeDashboardCompanion;
			productReference = F1000020 /* LifeDashboardCompanion.app */;
			productType = "com.apple.product-type.application";
		};
		C1000003 /* LifeDashboardCompanionTests */ = {
			isa = PBXNativeTarget;
			buildConfigurationList = A1000003 /* Build configuration list for PBXNativeTarget "LifeDashboardCompanionTests" */;
			buildPhases = (
				E1000004 /* Sources */,
				E1000005 /* Frameworks */,
			);
			buildRules = (
			);
			dependencies = (
				CD000001 /* PBXTargetDependency */,
			);
			name = LifeDashboardCompanionTests;
			productName = LifeDashboardCompanionTests;
			productReference = F1000021 /* LifeDashboardCompanionTests.xctest */;
			productType = "com.apple.product-type.bundle.unit-test";
		};
/* End PBXNativeTarget section */

/* Begin PBXTargetDependency section */
		CD000001 /* PBXTargetDependency */ = {
			isa = PBXTargetDependency;
			target = C1000001 /* LifeDashboardCompanion */;
			targetProxy = CP000001 /* PBXContainerItemProxy */;
		};
/* End PBXTargetDependency section */

/* Begin PBXProject section */
		C1000002 /* Project object */ = {
			isa = PBXProject;
			attributes = {
				BuildIndependentTargetsInParallel = 1;
				LastSwiftUpdateCheck = 1540;
				LastUpgradeCheck = 2630;
				TargetAttributes = {
					C1000001 = {
						CreatedOnToolsVersion = 15.4;
					};
					C1000003 = {
						CreatedOnToolsVersion = 15.4;
						TestTargetID = C1000001;
					};
				};
			};
			buildConfigurationList = A1000001 /* Build configuration list for PBXProject "LifeDashboardCompanion" */;
			compatibilityVersion = "Xcode 14.0";
			developmentRegion = en;
			hasScannedForEncodings = 0;
			knownRegions = (
				en,
				Base,
			);
			mainGroup = D1000001;
			productRefGroup = D1000003 /* Products */;
			projectDirPath = "";
			projectRoot = "";
			targets = (
				C1000001 /* LifeDashboardCompanion */,
				C1000003 /* LifeDashboardCompanionTests */,
			);
		};
/* End PBXProject section */

/* Begin PBXResourcesBuildPhase section */
		E1000003 /* Resources */ = {
			isa = PBXResourcesBuildPhase;
			buildActionMask = 2147483647;
			files = (
				B1000003 /* Assets.xcassets in Resources */,
			);
			runOnlyForDeploymentPostprocessing = 0;
		};
/* End PBXResourcesBuildPhase section */

/* Begin PBXSourcesBuildPhase section */
		E1000002 /* Sources */ = {
			isa = PBXSourcesBuildPhase;
			buildActionMask = 2147483647;
			files = (
				B1000001 /* LifeDashboardCompanionApp.swift in Sources */,
				B1000002 /* ContentView.swift in Sources */,
				B1000004 /* HealthDataType.swift in Sources */,
				B1000005 /* WebhookLog.swift in Sources */,
				B1000006 /* SyncResult.swift in Sources */,
				B1000008 /* PreferencesManager.swift in Sources */,
				B1000015 /* PendingSyncStore.swift in Sources */,
				B1000016 /* NetworkMonitor.swift in Sources */,
				B1000009 /* WebhookManager.swift in Sources */,
				B100000A /* HealthKitManager.swift in Sources */,
				B100000B /* HealthSyncManager.swift in Sources */,
				B100000E /* BackgroundSyncManager.swift in Sources */,
				B100000F /* ExportManager.swift in Sources */,
				B1000010 /* HealthKitScreen.swift in Sources */,
				B1000012 /* LogsScreen.swift in Sources */,
				B1000017 /* WebhookSigner.swift in Sources */,
				B1000018 /* WebhookRetryPolicy.swift in Sources */,
				B1000019 /* SleepSessionBuilder.swift in Sources */,
			);
			runOnlyForDeploymentPostprocessing = 0;
		};
		E1000004 /* Sources */ = {
			isa = PBXSourcesBuildPhase;
			buildActionMask = 2147483647;
			files = (
				B100001A /* WebhookSignerTests.swift in Sources */,
				B100001B /* WebhookRetryPolicyTests.swift in Sources */,
				B100001C /* SleepSessionBuilderTests.swift in Sources */,
			);
			runOnlyForDeploymentPostprocessing = 0;
		};
/* End PBXSourcesBuildPhase section */

/* Begin XCBuildConfiguration section */
		AA000001 /* Debug */ = {
			isa = XCBuildConfiguration;
			buildSettings = {
				ALWAYS_SEARCH_USER_PATHS = NO;
				ASSETCATALOG_COMPILER_GENERATE_SWIFT_ASSET_SYMBOL_EXTENSIONS = YES;
				CLANG_ANALYZER_NONNULL = YES;
				CLANG_ANALYZER_NUMBER_OBJECT_CONVERSION = YES_AGGRESSIVE;
				CLANG_CXX_LANGUAGE_STANDARD = "gnu++20";
				CLANG_ENABLE_MODULES = YES;
				CLANG_ENABLE_OBJC_ARC = YES;
				CLANG_ENABLE_OBJC_WEAK = YES;
				CLANG_WARN_BLOCK_CAPTURE_AUTORELEASING = YES;
				CLANG_WARN_BOOL_CONVERSION = YES;
				CLANG_WARN_COMMA = YES;
				CLANG_WARN_CONSTANT_CONVERSION = YES;
				CLANG_WARN_DEPRECATED_OBJC_IMPLEMENTATIONS = YES;
				CLANG_WARN_DIRECT_OBJC_ISA_USAGE = YES_ERROR;
				CLANG_WARN_DOCUMENTATION_COMMENTS = YES;
				CLANG_WARN_EMPTY_BODY = YES;
				CLANG_WARN_ENUM_CONVERSION = YES;
				CLANG_WARN_INFINITE_RECURSION = YES;
				CLANG_WARN_INT_CONVERSION = YES;
				CLANG_WARN_NON_LITERAL_NULL_CONVERSION = YES;
				CLANG_WARN_OBJC_IMPLICIT_RETAIN_SELF = YES;
				CLANG_WARN_OBJC_LITERAL_CONVERSION = YES;
				CLANG_WARN_OBJC_ROOT_CLASS = YES_ERROR;
				CLANG_WARN_QUOTED_INCLUDE_IN_FRAMEWORK_HEADER = YES;
				CLANG_WARN_RANGE_LOOP_ANALYSIS = YES;
				CLANG_WARN_STRICT_PROTOTYPES = YES;
				CLANG_WARN_SUSPICIOUS_MOVE = YES;
				CLANG_WARN_UNGUARDED_AVAILABILITY = YES_AGGRESSIVE;
				CLANG_WARN_UNREACHABLE_CODE = YES;
				CLANG_WARN__DUPLICATE_METHOD_MATCH = YES;
				COPY_PHASE_STRIP = NO;
				DEBUG_INFORMATION_FORMAT = dwarf;
				DEVELOPMENT_TEAM = B92ASNRFPF;
				ENABLE_STRICT_OBJC_MSGSEND = YES;
				ENABLE_TESTABILITY = YES;
				ENABLE_USER_SCRIPT_SANDBOXING = YES;
				GCC_C_LANGUAGE_STANDARD = gnu17;
				GCC_DYNAMIC_NO_PIC = NO;
				GCC_NO_COMMON_BLOCKS = YES;
				GCC_OPTIMIZATION_LEVEL = 0;
				GCC_PREPROCESSOR_DEFINITIONS = (
					"DEBUG=1",
					"$(inherited)",
				);
				GCC_WARN_64_TO_32_BIT_CONVERSION = YES;
				GCC_WARN_ABOUT_RETURN_TYPE = YES_ERROR;
				GCC_WARN_UNDECLARED_SELECTOR = YES;
				GCC_WARN_UNINITIALIZED_AUTOS = YES_AGGRESSIVE;
				GCC_WARN_UNUSED_FUNCTION = YES;
				GCC_WARN_UNUSED_VARIABLE = YES;
				IPHONEOS_DEPLOYMENT_TARGET = 17.0;
				LOCALIZATION_PREFERS_STRING_CATALOGS = YES;
				MTL_ENABLE_DEBUG_INFO = INCLUDE_SOURCE;
				MTL_FAST_MATH = YES;
				ONLY_ACTIVE_ARCH = YES;
				SDKROOT = iphoneos;
				STRING_CATALOG_GENERATE_SYMBOLS = YES;
				SWIFT_ACTIVE_COMPILATION_CONDITIONS = "DEBUG $(inherited)";
				SWIFT_OPTIMIZATION_LEVEL = "-Onone";
			};
			name = Debug;
		};
		AA000002 /* Release */ = {
			isa = XCBuildConfiguration;
			buildSettings = {
				ALWAYS_SEARCH_USER_PATHS = NO;
				ASSETCATALOG_COMPILER_GENERATE_SWIFT_ASSET_SYMBOL_EXTENSIONS = YES;
				CLANG_ANALYZER_NONNULL = YES;
				CLANG_ANALYZER_NUMBER_OBJECT_CONVERSION = YES_AGGRESSIVE;
				CLANG_CXX_LANGUAGE_STANDARD = "gnu++20";
				CLANG_ENABLE_MODULES = YES;
				CLANG_ENABLE_OBJC_ARC = YES;
				CLANG_ENABLE_OBJC_WEAK = YES;
				CLANG_WARN_BLOCK_CAPTURE_AUTORELEASING = YES;
				CLANG_WARN_BOOL_CONVERSION = YES;
				CLANG_WARN_COMMA = YES;
				CLANG_WARN_CONSTANT_CONVERSION = YES;
				CLANG_WARN_DEPRECATED_OBJC_IMPLEMENTATIONS = YES;
				CLANG_WARN_DIRECT_OBJC_ISA_USAGE = YES_ERROR;
				CLANG_WARN_DOCUMENTATION_COMMENTS = YES;
				CLANG_WARN_EMPTY_BODY = YES;
				CLANG_WARN_ENUM_CONVERSION = YES;
				CLANG_WARN_INFINITE_RECURSION = YES;
				CLANG_WARN_INT_CONVERSION = YES;
				CLANG_WARN_NON_LITERAL_NULL_CONVERSION = YES;
				CLANG_WARN_OBJC_IMPLICIT_RETAIN_SELF = YES;
				CLANG_WARN_OBJC_LITERAL_CONVERSION = YES;
				CLANG_WARN_OBJC_ROOT_CLASS = YES_ERROR;
				CLANG_WARN_QUOTED_INCLUDE_IN_FRAMEWORK_HEADER = YES;
				CLANG_WARN_RANGE_LOOP_ANALYSIS = YES;
				CLANG_WARN_STRICT_PROTOTYPES = YES;
				CLANG_WARN_SUSPICIOUS_MOVE = YES;
				CLANG_WARN_UNGUARDED_AVAILABILITY = YES_AGGRESSIVE;
				CLANG_WARN_UNREACHABLE_CODE = YES;
				CLANG_WARN__DUPLICATE_METHOD_MATCH = YES;
				COPY_PHASE_STRIP = NO;
				DEBUG_INFORMATION_FORMAT = "dwarf-with-dsym";
				DEVELOPMENT_TEAM = B92ASNRFPF;
				ENABLE_NS_ASSERTIONS = NO;
				ENABLE_STRICT_OBJC_MSGSEND = YES;
				ENABLE_USER_SCRIPT_SANDBOXING = YES;
				GCC_C_LANGUAGE_STANDARD = gnu17;
				GCC_NO_COMMON_BLOCKS = YES;
				GCC_WARN_64_TO_32_BIT_CONVERSION = YES;
				GCC_WARN_ABOUT_RETURN_TYPE = YES_ERROR;
				GCC_WARN_UNDECLARED_SELECTOR = YES;
				GCC_WARN_UNINITIALIZED_AUTOS = YES_AGGRESSIVE;
				GCC_WARN_UNUSED_FUNCTION = YES;
				GCC_WARN_UNUSED_VARIABLE = YES;
				IPHONEOS_DEPLOYMENT_TARGET = 17.0;
				LOCALIZATION_PREFERS_STRING_CATALOGS = YES;
				MTL_FAST_MATH = YES;
				SDKROOT = iphoneos;
				STRING_CATALOG_GENERATE_SYMBOLS = YES;
				SWIFT_COMPILATION_MODE = wholemodule;
				VALIDATE_PRODUCT = YES;
			};
			name = Release;
		};
		AA000003 /* Debug */ = {
			isa = XCBuildConfiguration;
			buildSettings = {
				ASSETCATALOG_COMPILER_APPICON_NAME = AppIcon;
				ASSETCATALOG_COMPILER_GLOBAL_ACCENT_COLOR_NAME = AccentColor;
				CODE_SIGN_ENTITLEMENTS = LifeDashboardCompanion/LifeDashboardCompanion.entitlements;
				CODE_SIGN_STYLE = Automatic;
				CURRENT_PROJECT_VERSION = 1;
				DEVELOPMENT_TEAM = B92ASNRFPF;
				ENABLE_PREVIEWS = YES;
				GENERATE_INFOPLIST_FILE = YES;
				INFOPLIST_FILE = LifeDashboardCompanion/Info.plist;
				INFOPLIST_KEY_CFBundleDisplayName = "Life Dashboard";
				INFOPLIST_KEY_NSHealthShareUsageDescription = "Life Dashboard needs access to your health data to sync it to your personal dashboard via webhooks.";
				INFOPLIST_KEY_NSHealthUpdateUsageDescription = "Life Dashboard does not write health data, but this permission is required by the system.";
				INFOPLIST_KEY_UIApplicationSceneManifest_Generation = YES;
				INFOPLIST_KEY_UIApplicationSupportsIndirectInputEvents = YES;
				INFOPLIST_KEY_UILaunchScreen_Generation = YES;
				INFOPLIST_KEY_UISupportedInterfaceOrientations_iPad = "UIInterfaceOrientationPortrait UIInterfaceOrientationPortraitUpsideDown UIInterfaceOrientationLandscapeLeft UIInterfaceOrientationLandscapeRight";
				INFOPLIST_KEY_UISupportedInterfaceOrientations_iPhone = "UIInterfaceOrientationPortrait UIInterfaceOrientationLandscapeLeft UIInterfaceOrientationLandscapeRight";
				LD_RUNPATH_SEARCH_PATHS = (
					"$(inherited)",
					"@executable_path/Frameworks",
				);
				MARKETING_VERSION = 1.0.0;
				PRODUCT_BUNDLE_IDENTIFIER = com.owen282000.lifedashboard;
				PRODUCT_NAME = "$(TARGET_NAME)";
				SWIFT_EMIT_LOC_STRINGS = YES;
				SWIFT_VERSION = 5.0;
				TARGETED_DEVICE_FAMILY = "1,2";
			};
			name = Debug;
		};
		AA000004 /* Release */ = {
			isa = XCBuildConfiguration;
			buildSettings = {
				ASSETCATALOG_COMPILER_APPICON_NAME = AppIcon;
				ASSETCATALOG_COMPILER_GLOBAL_ACCENT_COLOR_NAME = AccentColor;
				CODE_SIGN_ENTITLEMENTS = LifeDashboardCompanion/LifeDashboardCompanion.entitlements;
				CODE_SIGN_STYLE = Automatic;
				CURRENT_PROJECT_VERSION = 1;
				DEVELOPMENT_TEAM = B92ASNRFPF;
				ENABLE_PREVIEWS = YES;
				GENERATE_INFOPLIST_FILE = YES;
				INFOPLIST_FILE = LifeDashboardCompanion/Info.plist;
				INFOPLIST_KEY_CFBundleDisplayName = "Life Dashboard";
				INFOPLIST_KEY_NSHealthShareUsageDescription = "Life Dashboard needs access to your health data to sync it to your personal dashboard via webhooks.";
				INFOPLIST_KEY_NSHealthUpdateUsageDescription = "Life Dashboard does not write health data, but this permission is required by the system.";
				INFOPLIST_KEY_UIApplicationSceneManifest_Generation = YES;
				INFOPLIST_KEY_UIApplicationSupportsIndirectInputEvents = YES;
				INFOPLIST_KEY_UILaunchScreen_Generation = YES;
				INFOPLIST_KEY_UISupportedInterfaceOrientations_iPad = "UIInterfaceOrientationPortrait UIInterfaceOrientationPortraitUpsideDown UIInterfaceOrientationLandscapeLeft UIInterfaceOrientationLandscapeRight";
				INFOPLIST_KEY_UISupportedInterfaceOrientations_iPhone = "UIInterfaceOrientationPortrait UIInterfaceOrientationLandscapeLeft UIInterfaceOrientationLandscapeRight";
				LD_RUNPATH_SEARCH_PATHS = (
					"$(inherited)",
					"@executable_path/Frameworks",
				);
				MARKETING_VERSION = 1.0.0;
				PRODUCT_BUNDLE_IDENTIFIER = com.owen282000.lifedashboard;
				PRODUCT_NAME = "$(TARGET_NAME)";
				SWIFT_EMIT_LOC_STRINGS = YES;
				SWIFT_VERSION = 5.0;
				TARGETED_DEVICE_FAMILY = "1,2";
			};
			name = Release;
		};
		AA000005 /* Debug */ = {
			isa = XCBuildConfiguration;
			buildSettings = {
				BUNDLE_LOADER = "$(TEST_HOST)";
				CODE_SIGN_STYLE = Automatic;
				CURRENT_PROJECT_VERSION = 1;
				GENERATE_INFOPLIST_FILE = YES;
				IPHONEOS_DEPLOYMENT_TARGET = 17.0;
				MARKETING_VERSION = 1.0;
				PRODUCT_BUNDLE_IDENTIFIER = com.owen282000.lifedashboard.tests;
				PRODUCT_NAME = "$(TARGET_NAME)";
				SWIFT_EMIT_LOC_STRINGS = NO;
				SWIFT_VERSION = 5.0;
				TARGETED_DEVICE_FAMILY = "1,2";
				TEST_HOST = "$(BUILT_PRODUCTS_DIR)/LifeDashboardCompanion.app/$(BUNDLE_EXECUTABLE_FOLDER_PATH)/LifeDashboardCompanion";
			};
			name = Debug;
		};
		AA000006 /* Release */ = {
			isa = XCBuildConfiguration;
			buildSettings = {
				BUNDLE_LOADER = "$(TEST_HOST)";
				CODE_SIGN_STYLE = Automatic;
				CURRENT_PROJECT_VERSION = 1;
				GENERATE_INFOPLIST_FILE = YES;
				IPHONEOS_DEPLOYMENT_TARGET = 17.0;
				MARKETING_VERSION = 1.0;
				PRODUCT_BUNDLE_IDENTIFIER = com.owen282000.lifedashboard.tests;
				PRODUCT_NAME = "$(TARGET_NAME)";
				SWIFT_EMIT_LOC_STRINGS = NO;
				SWIFT_VERSION = 5.0;
				TARGETED_DEVICE_FAMILY = "1,2";
				TEST_HOST = "$(BUILT_PRODUCTS_DIR)/LifeDashboardCompanion.app/$(BUNDLE_EXECUTABLE_FOLDER_PATH)/LifeDashboardCompanion";
			};
			name = Release;
		};
/* End XCBuildConfiguration section */

/* Begin XCConfigurationList section */
		A1000001 /* Build configuration list for PBXProject "LifeDashboardCompanion" */ = {
			isa = XCConfigurationList;
			buildConfigurations = (
				AA000001 /* Debug */,
				AA000002 /* Release */,
			);
			defaultConfigurationIsVisible = 0;
			defaultConfigurationName = Release;
		};
		A1000002 /* Build configuration list for PBXNativeTarget "LifeDashboardCompanion" */ = {
			isa = XCConfigurationList;
			buildConfigurations = (
				AA000003 /* Debug */,
				AA000004 /* Release */,
			);
			defaultConfigurationIsVisible = 0;
			defaultConfigurationName = Release;
		};
		A1000003 /* Build configuration list for PBXNativeTarget "LifeDashboardCompanionTests" */ = {
			isa = XCConfigurationList;
			buildConfigurations = (
				AA000005 /* Debug */,
				AA000006 /* Release */,
			);
			defaultConfigurationIsVisible = 0;
			defaultConfigurationName = Release;
		};
/* End XCConfigurationList section */
	};
	rootObject = C1000002 /* Project object */;
}
